
Microsoft Visual Studio Solution File, Format Version 12.00
# Visual Studio Version 17
VisualStudioVersion = 17.9.34728.123
MinimumVisualStudioVersion = 10.0.40219.1
Project("{FAE04EC0-301F-11D3-BF4B-00C04F79EFBC}") = "stin-api", "stin-api\stin-api.csproj", "{46A42B51-EFC0-4ECF-BC7F-EB43430E1830}"
EndProject
Global
	GlobalSection(SolutionConfigurationPlatforms) = preSolution
		Debug|Any CPU = Debug|Any CPU
		Release|Any CPU = Release|Any CPU
	EndGlobalSection
	GlobalSection(ProjectConfigurationPlatforms) = postSolution
		{46A42B51-EFC0-4ECF-BC7F-EB43430E1830}.Debug|Any CPU.ActiveCfg = Debug|Any CPU
		{46A42B51-EFC0-4ECF-BC7F-EB43430E1830}.Debug|Any CPU.Build.0 = Debug|Any CPU
		{46A42B51-EFC0-4ECF-BC7F-EB43430E1830}.Release|Any CPU.ActiveCfg = Release|Any CPU
		{46A42B51-EFC0-4ECF-BC7F-EB43430E1830}.Release|Any CPU.Build.0 = Release|Any CPU
	EndGlobalSection
	GlobalSection(SolutionProperties) = preSolution
		HideSolutionNode = FALSE
	EndGlobalSection
	GlobalSection(ExtensibilityGlobals) = postSolution
		SolutionGuid = {18C48E71-5FB9-4214-AFF6-5157B1A36C17}
	EndGlobalSection
EndGlobal
